
Microsoft Visual Studio Solution File, Format Version 12.00
# Visual Studio Version 17
VisualStudioVersion = 17.1.32210.238
MinimumVisualStudioVersion = 10.0.40219.1
Project("{FAE04EC0-301F-11D3-BF4B-00C04F79EFBC}") = "Ships", "Ships\Ships.csproj", "{5792E167-9B13-420D-9FE9-329ACF55375A}"
EndProject
Global
	GlobalSection(SolutionConfigurationPlatforms) = preSolution
		Debug|Any CPU = Debug|Any CPU
		Release|Any CPU = Release|Any CPU
	EndGlobalSection
	GlobalSection(ProjectConfigurationPlatforms) = postSolution
		{5792E167-9B13-420D-9FE9-329ACF55375A}.Debug|Any CPU.ActiveCfg = Debug|Any CPU
		{5792E167-9B13-420D-9FE9-329ACF55375A}.Debug|Any CPU.Build.0 = Debug|Any CPU
		{5792E167-9B13-420D-9FE9-329ACF55375A}.Release|Any CPU.ActiveCfg = Release|Any CPU
		{5792E167-9B13-420D-9FE9-329ACF55375A}.Release|Any CPU.Build.0 = Release|Any CPU
	EndGlobalSection
	GlobalSection(SolutionProperties) = preSolution
		HideSolutionNode = FALSE
	EndGlobalSection
	GlobalSection(ExtensibilityGlobals) = postSolution
		SolutionGuid = {6974E274-6D53-424E-A057-38F4AFE08A47}
	EndGlobalSection
EndGlobal
